
Microsoft Visual Studio Solution File, Format Version 12.00
# Visual Studio Version 17
VisualStudioVersion = 17.3.32819.101
MinimumVisualStudioVersion = 10.0.40219.1
Project("{FAE04EC0-301F-11D3-BF4B-00C04F79EFBC}") = "PingPong", "PingPong.csproj", "{8446E097-3E47-4DCA-A6CD-FE0E6339E860}"
EndProject
Global
	GlobalSection(SolutionConfigurationPlatforms) = preSolution
		Debug|Any CPU = Debug|Any CPU
		Release|Any CPU = Release|Any CPU
	EndGlobalSection
	GlobalSection(ProjectConfigurationPlatforms) = postSolution
		{8446E097-3E47-4DCA-A6CD-FE0E6339E860}.Debug|Any CPU.ActiveCfg = Debug|Any CPU
		{8446E097-3E47-4DCA-A6CD-FE0E6339E860}.Debug|Any CPU.Build.0 = Debug|Any CPU
		{8446E097-3E47-4DCA-A6CD-FE0E6339E860}.Release|Any CPU.ActiveCfg = Release|Any CPU
		{8446E097-3E47-4DCA-A6CD-FE0E6339E860}.Release|Any CPU.Build.0 = Release|Any CPU
	EndGlobalSection
	GlobalSection(SolutionProperties) = preSolution
		HideSolutionNode = FALSE
	EndGlobalSection
	GlobalSection(ExtensibilityGlobals) = postSolution
		SolutionGuid = {48CC5FCD-30AB-4C4B-BA88-B969BB70F04D}
	EndGlobalSection
EndGlobal
